// !$*UTF8*$!
{
	archiveVersion = 1;
	classes = {
	};
	objectVersion = 51;
	objects = {

/* Begin PBXBuildFile section */
		041632F0254FA80A00615D87 /* MyPagePhotoCell.swift in Sources */ = {isa = PBXBuildFile; fileRef = 041632EF254FA80A00615D87 /* MyPagePhotoCell.swift */; };
		041632F3254FA81500615D87 /* MyPageHeaderCell.swift in Sources */ = {isa = PBXBuildFile; fileRef = 041632F2254FA81500615D87 /* MyPageHeaderCell.swift */; };
		041632F6254FC18700615D87 /* UserService.swift in Sources */ = {isa = PBXBuildFile; fileRef = 041632F5254FC18600615D87 /* UserService.swift */; };
		041632F9254FC1D700615D87 /* Constants.swift in Sources */ = {isa = PBXBuildFile; fileRef = 041632F8254FC1D700615D87 /* Constants.swift */; };
		041632FC254FC29400615D87 /* User.swift in Sources */ = {isa = PBXBuildFile; fileRef = 041632FB254FC29400615D87 /* User.swift */; };
		041632FF254FC8CC00615D87 /* MyPageHeaderViewModel.swift in Sources */ = {isa = PBXBuildFile; fileRef = 041632FE254FC8CC00615D87 /* MyPageHeaderViewModel.swift */; };
		044CE60B25493B40005BE61D /* MainCell.swift in Sources */ = {isa = PBXBuildFile; fileRef = 044CE60A25493B40005BE61D /* MainCell.swift */; };
		044CE60E25493C39005BE61D /* Extensions.swift in Sources */ = {isa = PBXBuildFile; fileRef = 044CE60D25493C39005BE61D /* Extensions.swift */; };
		045DC797254BB8F1005AF9AB /* GoogleService-Info.plist in Resources */ = {isa = PBXBuildFile; fileRef = 045DC796254BB8F1005AF9AB /* GoogleService-Info.plist */; };
		045DC79F254BBB05005AF9AB /* ImageUploader.swift in Sources */ = {isa = PBXBuildFile; fileRef = 045DC79E254BBB05005AF9AB /* ImageUploader.swift */; };
		045DC7A2254BBE9A005AF9AB /* AuthService.swift in Sources */ = {isa = PBXBuildFile; fileRef = 045DC7A1254BBE9A005AF9AB /* AuthService.swift */; };
		047308D32552628800C8BF95 /* SearchViewModel.swift in Sources */ = {isa = PBXBuildFile; fileRef = 047308D22552628800C8BF95 /* SearchViewModel.swift */; };
		0479A4E6255116C400A03D4D /* Protocols.swift in Sources */ = {isa = PBXBuildFile; fileRef = 0479A4E5255116C400A03D4D /* Protocols.swift */; };
		048246F12552541C00B0840D /* SearchCell.swift in Sources */ = {isa = PBXBuildFile; fileRef = 048246F02552541C00B0840D /* SearchCell.swift */; };
		04A737682547E49800773F7E /* AppDelegate.swift in Sources */ = {isa = PBXBuildFile; fileRef = 04A737672547E49800773F7E /* AppDelegate.swift */; };
		04A7376A2547E49800773F7E /* SceneDelegate.swift in Sources */ = {isa = PBXBuildFile; fileRef = 04A737692547E49800773F7E /* SceneDelegate.swift */; };
		04A7376C2547E49800773F7E /* ViewController.swift in Sources */ = {isa = PBXBuildFile; fileRef = 04A7376B2547E49800773F7E /* ViewController.swift */; };
		04A7376F2547E49800773F7E /* Main.storyboard in Resources */ = {isa = PBXBuildFile; fileRef = 04A7376D2547E49800773F7E /* Main.storyboard */; };
		04A737712547E49900773F7E /* Assets.xcassets in Resources */ = {isa = PBXBuildFile; fileRef = 04A737702547E49900773F7E /* Assets.xcassets */; };
		04A737742547E49900773F7E /* LaunchScreen.storyboard in Resources */ = {isa = PBXBuildFile; fileRef = 04A737722547E49900773F7E /* LaunchScreen.storyboard */; };
		04A737842547E52D00773F7E /* TabBarController.swift in Sources */ = {isa = PBXBuildFile; fileRef = 04A737832547E52D00773F7E /* TabBarController.swift */; };
		04A737872547E55200773F7E /* MainController.swift in Sources */ = {isa = PBXBuildFile; fileRef = 04A737862547E55200773F7E /* MainController.swift */; };
		04A7378A2547E55C00773F7E /* SearchController.swift in Sources */ = {isa = PBXBuildFile; fileRef = 04A737892547E55C00773F7E /* SearchController.swift */; };
		04A7378D2547E56300773F7E /* WriteController.swift in Sources */ = {isa = PBXBuildFile; fileRef = 04A7378C2547E56300773F7E /* WriteController.swift */; };
		04A737902547E56E00773F7E /* NotificationController.swift in Sources */ = {isa = PBXBuildFile; fileRef = 04A7378F2547E56E00773F7E /* NotificationController.swift */; };
		04A737932547E57800773F7E /* MyPageController.swift in Sources */ = {isa = PBXBuildFile; fileRef = 04A737922547E57800773F7E /* MyPageController.swift */; };
		04A7A55A2558FA83004893D6 /* UploadPostController.swift in Sources */ = {isa = PBXBuildFile; fileRef = 04A7A5592558FA83004893D6 /* UploadPostController.swift */; };
		04A7A55D2559018D004893D6 /* InputTextView.swift in Sources */ = {isa = PBXBuildFile; fileRef = 04A7A55C2559018D004893D6 /* InputTextView.swift */; };
		04CD0FA72557B7B50030FD17 /* UserStats.swift in Sources */ = {isa = PBXBuildFile; fileRef = 04CD0FA62557B7B50030FD17 /* UserStats.swift */; };
		04CD3287255A409100032782 /* PostService.swift in Sources */ = {isa = PBXBuildFile; fileRef = 04CD3286255A409100032782 /* PostService.swift */; };
		04EDD83C254A688000E9EC69 /* CustomTextField.swift in Sources */ = {isa = PBXBuildFile; fileRef = 04EDD83B254A688000E9EC69 /* CustomTextField.swift */; };
		04EDD83F254A69DD00E9EC69 /* LoginController.swift in Sources */ = {isa = PBXBuildFile; fileRef = 04EDD83E254A69DD00E9EC69 /* LoginController.swift */; };
		04EDD842254A69E600E9EC69 /* SignUpController.swift in Sources */ = {isa = PBXBuildFile; fileRef = 04EDD841254A69E600E9EC69 /* SignUpController.swift */; };
		04EDD845254A838000E9EC69 /* LoginViewModel.swift in Sources */ = {isa = PBXBuildFile; fileRef = 04EDD844254A838000E9EC69 /* LoginViewModel.swift */; };
		44E985B00A24BC2BBAE5A5D0 /* Pods_Instagram___MVVM.framework in Frameworks */ = {isa = PBXBuildFile; fileRef = 41FF54B2A642EA26C6E792DD /* Pods_Instagram___MVVM.framework */; };
/* End PBXBuildFile section */

/* Begin PBXFileReference section */
		041632EF254FA80A00615D87 /* MyPagePhotoCell.swift */ = {isa = PBXFileReference; lastKnownFileType = sourcecode.swift; path = MyPagePhotoCell.swift; sourceTree = "<group>"; };
		041632F2254FA81500615D87 /* MyPageHeaderCell.swift */ = {isa = PBXFileReference; lastKnownFileType = sourcecode.swift; path = MyPageHeaderCell.swift; sourceTree = "<group>"; };
		041632F5254FC18600615D87 /* UserService.swift */ = {isa = PBXFileReference; lastKnownFileType = sourcecode.swift; path = UserService.swift; sourceTree = "<group>"; };
		041632F8254FC1D700615D87 /* Constants.swift */ = {isa = PBXFileReference; lastKnownFileType = sourcecode.swift; path = Constants.swift; sourceTree = "<group>"; };
		041632FB254FC29400615D87 /* User.swift */ = {isa = PBXFileReference; lastKnownFileType = sourcecode.swift; path = User.swift; sourceTree = "<group>"; };
		041632FE254FC8CC00615D87 /* MyPageHeaderViewModel.swift */ = {isa = PBXFileReference; lastKnownFileType = sourcecode.swift; path = MyPageHeaderViewModel.swift; sourceTree = "<group>"; };
		044CE60A25493B40005BE61D /* MainCell.swift */ = {isa = PBXFileReference; lastKnownFileType = sourcecode.swift; path = MainCell.swift; sourceTree = "<group>"; };
		044CE60D25493C39005BE61D /* Extensions.swift */ = {isa = PBXFileReference; lastKnownFileType = sourcecode.swift; path = Extensions.swift; sourceTree = "<group>"; };
		045DC796254BB8F1005AF9AB /* GoogleService-Info.plist */ = {isa = PBXFileReference; lastKnownFileType = text.plist; path = "GoogleService-Info.plist"; sourceTree = SOURCE_ROOT; };
		045DC79E254BBB05005AF9AB /* ImageUploader.swift */ = {isa = PBXFileReference; lastKnownFileType = sourcecode.swift; path = ImageUploader.swift; sourceTree = "<group>"; };
		045DC7A1254BBE9A005AF9AB /* AuthService.swift */ = {isa = PBXFileReference; lastKnownFileType = sourcecode.swift; path = AuthService.swift; sourceTree = "<group>"; };
		047308D22552628800C8BF95 /* SearchViewModel.swift */ = {isa = PBXFileReference; lastKnownFileType = sourcecode.swift; path = SearchViewModel.swift; sourceTree = "<group>"; };
		0479A4E5255116C400A03D4D /* Protocols.swift */ = {isa = PBXFileReference; lastKnownFileType = sourcecode.swift; path = Protocols.swift; sourceTree = "<group>"; };
		048246F02552541C00B0840D /* SearchCell.swift */ = {isa = PBXFileReference; lastKnownFileType = sourcecode.swift; path = SearchCell.swift; sourceTree = "<group>"; };
		04A737642547E49800773F7E /* Instagram + MVVM.app */ = {isa = PBXFileReference; explicitFileType = wrapper.application; includeInIndex = 0; path = "Instagram + MVVM.app"; sourceTree = BUILT_PRODUCTS_DIR; };
		04A737672547E49800773F7E /* AppDelegate.swift */ = {isa = PBXFileReference; lastKnownFileType = sourcecode.swift; path = AppDelegate.swift; sourceTree = "<group>"; };
		04A737692547E49800773F7E /* SceneDelegate.swift */ = {isa = PBXFileReference; lastKnownFileType = sourcecode.swift; path = SceneDelegate.swift; sourceTree = "<group>"; };
		04A7376B2547E49800773F7E /* ViewController.swift */ = {isa = PBXFileReference; lastKnownFileType = sourcecode.swift; path = ViewController.swift; sourceTree = "<group>"; };
		04A7376E2547E49800773F7E /* Base */ = {isa = PBXFileReference; lastKnownFileType = file.storyboard; name = Base; path = Base.lproj/Main.storyboard; sourceTree = "<group>"; };
		04A737702547E49900773F7E /* Assets.xcassets */ = {isa = PBXFileReference; lastKnownFileType = folder.assetcatalog; path = Assets.xcassets; sourceTree = "<group>"; };
		04A737732547E49900773F7E /* Base */ = {isa = PBXFileReference; lastKnownFileType = file.storyboard; name = Base; path = Base.lproj/LaunchScreen.storyboard; sourceTree = "<group>"; };
		04A737752547E49900773F7E /* Info.plist */ = {isa = PBXFileReference; lastKnownFileType = text.plist.xml; path = Info.plist; sourceTree = "<group>"; };
		04A737832547E52D00773F7E /* TabBarController.swift */ = {isa = PBXFileReference; lastKnownFileType = sourcecode.swift; path = TabBarController.swift; sourceTree = "<group>"; };
		04A737862547E55200773F7E /* MainController.swift */ = {isa = PBXFileReference; lastKnownFileType = sourcecode.swift; path = MainController.swift; sourceTree = "<group>"; };
		04A737892547E55C00773F7E /* SearchController.swift */ = {isa = PBXFileReference; lastKnownFileType = sourcecode.swift; path = SearchController.swift; sourceTree = "<group>"; };
		04A7378C2547E56300773F7E /* WriteController.swift */ = {isa = PBXFileReference; lastKnownFileType = sourcecode.swift; path = WriteController.swift; sourceTree = "<group>"; };
		04A7378F2547E56E00773F7E /* NotificationController.swift */ = {isa = PBXFileReference; lastKnownFileType = sourcecode.swift; path = NotificationController.swift; sourceTree = "<group>"; };
		04A737922547E57800773F7E /* MyPageController.swift */ = {isa = PBXFileReference; lastKnownFileType = sourcecode.swift; path = MyPageController.swift; sourceTree = "<group>"; };
		04A7A5592558FA83004893D6 /* UploadPostController.swift */ = {isa = PBXFileReference; lastKnownFileType = sourcecode.swift; path = UploadPostController.swift; sourceTree = "<group>"; };
		04A7A55C2559018D004893D6 /* InputTextView.swift */ = {isa = PBXFileReference; lastKnownFileType = sourcecode.swift; path = InputTextView.swift; sourceTree = "<group>"; };
		04CD0FA62557B7B50030FD17 /* UserStats.swift */ = {isa = PBXFileReference; lastKnownFileType = sourcecode.swift; path = UserStats.swift; sourceTree = "<group>"; };
		04CD3286255A409100032782 /* PostService.swift */ = {isa = PBXFileReference; lastKnownFileType = sourcecode.swift; path = PostService.swift; sourceTree = "<group>"; };
		04EDD83B254A688000E9EC69 /* CustomTextField.swift */ = {isa = PBXFileReference; lastKnownFileType = sourcecode.swift; path = CustomTextField.swift; sourceTree = "<group>"; };
		04EDD83E254A69DD00E9EC69 /* LoginController.swift */ = {isa = PBXFileReference; lastKnownFileType = sourcecode.swift; path = LoginController.swift; sourceTree = "<group>"; };
		04EDD841254A69E600E9EC69 /* SignUpController.swift */ = {isa = PBXFileReference; lastKnownFileType = sourcecode.swift; path = SignUpController.swift; sourceTree = "<group>"; };
		04EDD844254A838000E9EC69 /* LoginViewModel.swift */ = {isa = PBXFileReference; lastKnownFileType = sourcecode.swift; path = LoginViewModel.swift; sourceTree = "<group>"; };
		41FF54B2A642EA26C6E792DD /* Pods_Instagram___MVVM.framework */ = {isa = PBXFileReference; explicitFileType = wrapper.framework; includeInIndex = 0; path = "Pods_Instagram___MVVM.framework"; sourceTree = BUILT_PRODUCTS_DIR; };
		4E680B36A251EE9603F914B0 /* Pods-Instagram + MVVM.release.xcconfig */ = {isa = PBXFileReference; includeInIndex = 1; lastKnownFileType = text.xcconfig; name = "Pods-Instagram + MVVM.release.xcconfig"; path = "Target Support Files/Pods-Instagram + MVVM/Pods-Instagram + MVVM.release.xcconfig"; sourceTree = "<group>"; };
		7C42F927AED7B70E81B620B6 /* Pods-Instagram + MVVM.debug.xcconfig */ = {isa = PBXFileReference; includeInIndex = 1; lastKnownFileType = text.xcconfig; name = "Pods-Instagram + MVVM.debug.xcconfig"; path = "Target Support Files/Pods-Instagram + MVVM/Pods-Instagram + MVVM.debug.xcconfig"; sourceTree = "<group>"; };
/* End PBXFileReference section */

/* Begin PBXFrameworksBuildPhase section */
		04A737612547E49800773F7E /* Frameworks */ = {
			isa = PBXFrameworksBuildPhase;
			buildActionMask = 2147483647;
			files = (
				44E985B00A24BC2BBAE5A5D0 /* Pods_Instagram___MVVM.framework in Frameworks */,
			);
			runOnlyForDeploymentPostprocessing = 0;
		};
/* End PBXFrameworksBuildPhase section */

/* Begin PBXGroup section */
		04A7375B2547E49800773F7E = {
			isa = PBXGroup;
			children = (
				04A737662547E49800773F7E /* Instagram + MVVM */,
				04A737652547E49800773F7E /* Products */,
				994D20CD7A8B5B907948375F /* Pods */,
				EC8BB6BE153D2763F0B6543C /* Frameworks */,
			);
			sourceTree = "<group>";
		};
		04A737652547E49800773F7E /* Products */ = {
			isa = PBXGroup;
			children = (
				04A737642547E49800773F7E /* Instagram + MVVM.app */,
			);
			name = Products;
			sourceTree = "<group>";
		};
		04A737662547E49800773F7E /* Instagram + MVVM */ = {
			isa = PBXGroup;
			children = (
				04A737812547E4AF00773F7E /* Model */,
				04A737802547E4AB00773F7E /* View */,
				04A7377F2547E4A800773F7E /* ViewModel */,
				04A7377E2547E4A600773F7E /* API */,
				04A7377D2547E4A300773F7E /* Controller */,
				04A7377C2547E4A100773F7E /* Utils */,
				04A737672547E49800773F7E /* AppDelegate.swift */,
				04A737692547E49800773F7E /* SceneDelegate.swift */,
				04A7376B2547E49800773F7E /* ViewController.swift */,
				04A7376D2547E49800773F7E /* Main.storyboard */,
				04A737702547E49900773F7E /* Assets.xcassets */,
				04A737722547E49900773F7E /* LaunchScreen.storyboard */,
				04A737752547E49900773F7E /* Info.plist */,
				045DC796254BB8F1005AF9AB /* GoogleService-Info.plist */,
			);
			path = "Instagram + MVVM";
			sourceTree = "<group>";
		};
		04A7377C2547E4A100773F7E /* Utils */ = {
			isa = PBXGroup;
			children = (
				044CE60D25493C39005BE61D /* Extensions.swift */,
				041632F8254FC1D700615D87 /* Constants.swift */,
				0479A4E5255116C400A03D4D /* Protocols.swift */,
				04A7A55C2559018D004893D6 /* InputTextView.swift */,
			);
			path = Utils;
			sourceTree = "<group>";
		};
		04A7377D2547E4A300773F7E /* Controller */ = {
			isa = PBXGroup;
			children = (
				04A737832547E52D00773F7E /* TabBarController.swift */,
				04A737862547E55200773F7E /* MainController.swift */,
				04A737892547E55C00773F7E /* SearchController.swift */,
				04A7378C2547E56300773F7E /* WriteController.swift */,
				04A7378F2547E56E00773F7E /* NotificationController.swift */,
				04A737922547E57800773F7E /* MyPageController.swift */,
				04EDD83E254A69DD00E9EC69 /* LoginController.swift */,
				04EDD841254A69E600E9EC69 /* SignUpController.swift */,
				04A7A5592558FA83004893D6 /* UploadPostController.swift */,
			);
			path = Controller;
			sourceTree = "<group>";
		};
		04A7377E2547E4A600773F7E /* API */ = {
			isa = PBXGroup;
			children = (
				045DC79E254BBB05005AF9AB /* ImageUploader.swift */,
				045DC7A1254BBE9A005AF9AB /* AuthService.swift */,
				041632F5254FC18600615D87 /* UserService.swift */,
				04CD3286255A409100032782 /* PostService.swift */,
			);
			path = API;
			sourceTree = "<group>";
		};
		04A7377F2547E4A800773F7E /* ViewModel */ = {
			isa = PBXGroup;
			children = (
				04EDD844254A838000E9EC69 /* LoginViewModel.swift */,
				041632FE254FC8CC00615D87 /* MyPageHeaderViewModel.swift */,
				047308D22552628800C8BF95 /* SearchViewModel.swift */,
			);
			path = ViewModel;
			sourceTree = "<group>";
		};
		04A737802547E4AB00773F7E /* View */ = {
			isa = PBXGroup;
			children = (
				044CE60A25493B40005BE61D /* MainCell.swift */,
				04EDD83B254A688000E9EC69 /* CustomTextField.swift */,
				041632EF254FA80A00615D87 /* MyPagePhotoCell.swift */,
				041632F2254FA81500615D87 /* MyPageHeaderCell.swift */,
				048246F02552541C00B0840D /* SearchCell.swift */,
			);
			path = View;
			sourceTree = "<group>";
		};
		04A737812547E4AF00773F7E /* Model */ = {
			isa = PBXGroup;
			children = (
				041632FB254FC29400615D87 /* User.swift */,
				04CD0FA62557B7B50030FD17 /* UserStats.swift */,
			);
			path = Model;
			sourceTree = "<group>";
		};
		994D20CD7A8B5B907948375F /* Pods */ = {
			isa = PBXGroup;
			children = (
				7C42F927AED7B70E81B620B6 /* Pods-Instagram + MVVM.debug.xcconfig */,
				4E680B36A251EE9603F914B0 /* Pods-Instagram + MVVM.release.xcconfig */,
			);
			path = Pods;
			sourceTree = "<group>";
		};
		EC8BB6BE153D2763F0B6543C /* Frameworks */ = {
			isa = PBXGroup;
			children = (
				41FF54B2A642EA26C6E792DD /* Pods_Instagram___MVVM.framework */,
			);
			name = Frameworks;
			sourceTree = "<group>";
		};
/* End PBXGroup section */

/* Begin PBXNativeTarget section */
		04A737632547E49800773F7E /* Instagram + MVVM */ = {
			isa = PBXNativeTarget;
			buildConfigurationList = 04A737782547E49900773F7E /* Build configuration list for PBXNativeTarget "Instagram + MVVM" */;
			buildPhases = (
				71D9F3E798FDC787973CCEB2 /* [CP] Check Pods Manifest.lock */,
				04A737602547E49800773F7E /* Sources */,
				04A737612547E49800773F7E /* Frameworks */,
				04A737622547E49800773F7E /* Resources */,
				13B524498D565DAA2D7ED38B /* [CP] Embed Pods Frameworks */,
			);
			buildRules = (
			);
			dependencies = (
			);
			name = "Instagram + MVVM";
			productName = "Instagram + MVVM";
			productReference = 04A737642547E49800773F7E /* Instagram + MVVM.app */;
			productType = "com.apple.product-type.application";
		};
/* End PBXNativeTarget section */

/* Begin PBXProject section */
		04A7375C2547E49800773F7E /* Project object */ = {
			isa = PBXProject;
			attributes = {
				LastSwiftUpdateCheck = 1210;
				LastUpgradeCheck = 1210;
				TargetAttributes = {
					04A737632547E49800773F7E = {
						CreatedOnToolsVersion = 12.1;
					};
				};
			};
			buildConfigurationList = 04A7375F2547E49800773F7E /* Build configuration list for PBXProject "Instagram + MVVM" */;
			compatibilityVersion = "Xcode 9.3";
			developmentRegion = en;
			hasScannedForEncodings = 0;
			knownRegions = (
				en,
				Base,
			);
			mainGroup = 04A7375B2547E49800773F7E;
			productRefGroup = 04A737652547E49800773F7E /* Products */;
			projectDirPath = "";
			projectRoot = "";
			targets = (
				04A737632547E49800773F7E /* Instagram + MVVM */,
			);
		};
/* End PBXProject section */

/* Begin PBXResourcesBuildPhase section */
		04A737622547E49800773F7E /* Resources */ = {
			isa = PBXResourcesBuildPhase;
			buildActionMask = 2147483647;
			files = (
				04A737742547E49900773F7E /* LaunchScreen.storyboard in Resources */,
				045DC797254BB8F1005AF9AB /* GoogleService-Info.plist in Resources */,
				04A737712547E49900773F7E /* Assets.xcassets in Resources */,
				04A7376F2547E49800773F7E /* Main.storyboard in Resources */,
			);
			runOnlyForDeploymentPostprocessing = 0;
		};
/* End PBXResourcesBuildPhase section */

/* Begin PBXShellScriptBuildPhase section */
		13B524498D565DAA2D7ED38B /* [CP] Embed Pods Frameworks */ = {
			isa = PBXShellScriptBuildPhase;
			buildActionMask = 2147483647;
			files = (
			);
			inputFileListPaths = (
				"${PODS_ROOT}/Target Support Files/Pods-Instagram + MVVM/Pods-Instagram + MVVM-frameworks-${CONFIGURATION}-input-files.xcfilelist",
			);
			name = "[CP] Embed Pods Frameworks";
			outputFileListPaths = (
				"${PODS_ROOT}/Target Support Files/Pods-Instagram + MVVM/Pods-Instagram + MVVM-frameworks-${CONFIGURATION}-output-files.xcfilelist",
			);
			runOnlyForDeploymentPostprocessing = 0;
			shellPath = /bin/sh;
			shellScript = "\"${PODS_ROOT}/Target Support Files/Pods-Instagram + MVVM/Pods-Instagram + MVVM-frameworks.sh\"\n";
			showEnvVarsInLog = 0;
		};
		71D9F3E798FDC787973CCEB2 /* [CP] Check Pods Manifest.lock */ = {
			isa = PBXShellScriptBuildPhase;
			buildActionMask = 2147483647;
			files = (
			);
			inputFileListPaths = (
			);
			inputPaths = (
				"${PODS_PODFILE_DIR_PATH}/Podfile.lock",
				"${PODS_ROOT}/Manifest.lock",
			);
			name = "[CP] Check Pods Manifest.lock";
			outputFileListPaths = (
			);
			outputPaths = (
				"$(DERIVED_FILE_DIR)/Pods-Instagram + MVVM-checkManifestLockResult.txt",
			);
			runOnlyForDeploymentPostprocessing = 0;
			shellPath = /bin/sh;
			shellScript = "diff \"${PODS_PODFILE_DIR_PATH}/Podfile.lock\" \"${PODS_ROOT}/Manifest.lock\" > /dev/null\nif [ $? != 0 ] ; then\n    # print error to STDERR\n    echo \"error: The sandbox is not in sync with the Podfile.lock. Run 'pod install' or update your CocoaPods installation.\" >&2\n    exit 1\nfi\n# This output is used by Xcode 'outputs' to avoid re-running this script phase.\necho \"SUCCESS\" > \"${SCRIPT_OUTPUT_FILE_0}\"\n";
			showEnvVarsInLog = 0;
		};
/* End PBXShellScriptBuildPhase section */

/* Begin PBXSourcesBuildPhase section */
		04A737602547E49800773F7E /* Sources */ = {
			isa = PBXSourcesBuildPhase;
			buildActionMask = 2147483647;
			files = (
				04A7A55A2558FA83004893D6 /* UploadPostController.swift in Sources */,
				04A737932547E57800773F7E /* MyPageController.swift in Sources */,
				04A7378D2547E56300773F7E /* WriteController.swift in Sources */,
				04A7376C2547E49800773F7E /* ViewController.swift in Sources */,
				041632F0254FA80A00615D87 /* MyPagePhotoCell.swift in Sources */,
				04EDD83F254A69DD00E9EC69 /* LoginController.swift in Sources */,
				04CD0FA72557B7B50030FD17 /* UserStats.swift in Sources */,
				04A737902547E56E00773F7E /* NotificationController.swift in Sources */,
				044CE60B25493B40005BE61D /* MainCell.swift in Sources */,
				041632F3254FA81500615D87 /* MyPageHeaderCell.swift in Sources */,
				04A7378A2547E55C00773F7E /* SearchController.swift in Sources */,
				04A737842547E52D00773F7E /* TabBarController.swift in Sources */,
				041632FC254FC29400615D87 /* User.swift in Sources */,
				048246F12552541C00B0840D /* SearchCell.swift in Sources */,
				04EDD845254A838000E9EC69 /* LoginViewModel.swift in Sources */,
				041632F9254FC1D700615D87 /* Constants.swift in Sources */,
				04A737682547E49800773F7E /* AppDelegate.swift in Sources */,
				041632FF254FC8CC00615D87 /* MyPageHeaderViewModel.swift in Sources */,
				0479A4E6255116C400A03D4D /* Protocols.swift in Sources */,
				04EDD842254A69E600E9EC69 /* SignUpController.swift in Sources */,
				047308D32552628800C8BF95 /* SearchViewModel.swift in Sources */,
				04EDD83C254A688000E9EC69 /* CustomTextField.swift in Sources */,
				04A7376A2547E49800773F7E /* SceneDelegate.swift in Sources */,
				04A7A55D2559018D004893D6 /* InputTextView.swift in Sources */,
				045DC79F254BBB05005AF9AB /* ImageUploader.swift in Sources */,
				04CD3287255A409100032782 /* PostService.swift in Sources */,
				041632F6254FC18700615D87 /* UserService.swift in Sources */,
				045DC7A2254BBE9A005AF9AB /* AuthService.swift in Sources */,
				044CE60E25493C39005BE61D /* Extensions.swift in Sources */,
				04A737872547E55200773F7E /* MainController.swift in Sources */,
			);
			runOnlyForDeploymentPostprocessing = 0;
		};
/* End PBXSourcesBuildPhase section */

/* Begin PBXVariantGroup section */
		04A7376D2547E49800773F7E /* Main.storyboard */ = {
			isa = PBXVariantGroup;
			children = (
				04A7376E2547E49800773F7E /* Base */,
			);
			name = Main.storyboard;
			sourceTree = "<group>";
		};
		04A737722547E49900773F7E /* LaunchScreen.storyboard */ = {
			isa = PBXVariantGroup;
			children = (
				04A737732547E49900773F7E /* Base */,
			);
			name = LaunchScreen.storyboard;
			sourceTree = "<group>";
		};
/* End PBXVariantGroup section */

/* Begin XCBuildConfiguration section */
		04A737762547E49900773F7E /* Debug */ = {
			isa = XCBuildConfiguration;
			buildSettings = {
				ALWAYS_SEARCH_USER_PATHS = NO;
				CLANG_ANALYZER_NONNULL = YES;
				CLANG_ANALYZER_NUMBER_OBJECT_CONVERSION = YES_AGGRESSIVE;
				CLANG_CXX_LANGUAGE_STANDARD = "gnu++14";
				CLANG_CXX_LIBRARY = "libc++";
				CLANG_ENABLE_MODULES = YES;
				CLANG_ENABLE_OBJC_ARC = YES;
				CLANG_ENABLE_OBJC_WEAK = YES;
				CLANG_WARN_BLOCK_CAPTURE_AUTORELEASING = YES;
				CLANG_WARN_BOOL_CONVERSION = YES;
				CLANG_WARN_COMMA = YES;
				CLANG_WARN_CONSTANT_CONVERSION = YES;
				CLANG_WARN_DEPRECATED_OBJC_IMPLEMENTATIONS = YES;
				CLANG_WARN_DIRECT_OBJC_ISA_USAGE = YES_ERROR;
				CLANG_WARN_DOCUMENTATION_COMMENTS = YES;
				CLANG_WARN_EMPTY_BODY = YES;
				CLANG_WARN_ENUM_CONVERSION = YES;
				CLANG_WARN_INFINITE_RECURSION = YES;
				CLANG_WARN_INT_CONVERSION = YES;
				CLANG_WARN_NON_LITERAL_NULL_CONVERSION = YES;
				CLANG_WARN_OBJC_IMPLICIT_RETAIN_SELF = YES;
				CLANG_WARN_OBJC_LITERAL_CONVERSION = YES;
				CLANG_WARN_OBJC_ROOT_CLASS = YES_ERROR;
				CLANG_WARN_QUOTED_INCLUDE_IN_FRAMEWORK_HEADER = YES;
				CLANG_WARN_RANGE_LOOP_ANALYSIS = YES;
				CLANG_WARN_STRICT_PROTOTYPES = YES;
				CLANG_WARN_SUSPICIOUS_MOVE = YES;
				CLANG_WARN_UNGUARDED_AVAILABILITY = YES_AGGRESSIVE;
				CLANG_WARN_UNREACHABLE_CODE = YES;
				CLANG_WARN__DUPLICATE_METHOD_MATCH = YES;
				COPY_PHASE_STRIP = NO;
				DEBUG_INFORMATION_FORMAT = dwarf;
				ENABLE_STRICT_OBJC_MSGSEND = YES;
				ENABLE_TESTABILITY = YES;
				GCC_C_LANGUAGE_STANDARD = gnu11;
				GCC_DYNAMIC_NO_PIC = NO;
				GCC_NO_COMMON_BLOCKS = YES;
				GCC_OPTIMIZATION_LEVEL = 0;
				GCC_PREPROCESSOR_DEFINITIONS = (
					"DEBUG=1",
					"$(inherited)",
				);
				GCC_WARN_64_TO_32_BIT_CONVERSION = YES;
				GCC_WARN_ABOUT_RETURN_TYPE = YES_ERROR;
				GCC_WARN_UNDECLARED_SELECTOR = YES;
				GCC_WARN_UNINITIALIZED_AUTOS = YES_AGGRESSIVE;
				GCC_WARN_UNUSED_FUNCTION = YES;
				GCC_WARN_UNUSED_VARIABLE = YES;
				IPHONEOS_DEPLOYMENT_TARGET = 14.1;
				MTL_ENABLE_DEBUG_INFO = INCLUDE_SOURCE;
				MTL_FAST_MATH = YES;
				ONLY_ACTIVE_ARCH = YES;
				SDKROOT = iphoneos;
				SWIFT_ACTIVE_COMPILATION_CONDITIONS = DEBUG;
				SWIFT_OPTIMIZATION_LEVEL = "-Onone";
			};
			name = Debug;
		};
		04A737772547E49900773F7E /* Release */ = {
			isa = XCBuildConfiguration;
			buildSettings = {
				ALWAYS_SEARCH_USER_PATHS = NO;
				CLANG_ANALYZER_NONNULL = YES;
				CLANG_ANALYZER_NUMBER_OBJECT_CONVERSION = YES_AGGRESSIVE;
				CLANG_CXX_LANGUAGE_STANDARD = "gnu++14";
				CLANG_CXX_LIBRARY = "libc++";
				CLANG_ENABLE_MODULES = YES;
				CLANG_ENABLE_OBJC_ARC = YES;
				CLANG_ENABLE_OBJC_WEAK = YES;
				CLANG_WARN_BLOCK_CAPTURE_AUTORELEASING = YES;
				CLANG_WARN_BOOL_CONVERSION = YES;
				CLANG_WARN_COMMA = YES;
				CLANG_WARN_CONSTANT_CONVERSION = YES;
				CLANG_WARN_DEPRECATED_OBJC_IMPLEMENTATIONS = YES;
				CLANG_WARN_DIRECT_OBJC_ISA_USAGE = YES_ERROR;
				CLANG_WARN_DOCUMENTATION_COMMENTS = YES;
				CLANG_WARN_EMPTY_BODY = YES;
				CLANG_WARN_ENUM_CONVERSION = YES;
				CLANG_WARN_INFINITE_RECURSION = YES;
				CLANG_WARN_INT_CONVERSION = YES;
				CLANG_WARN_NON_LITERAL_NULL_CONVERSION = YES;
				CLANG_WARN_OBJC_IMPLICIT_RETAIN_SELF = YES;
				CLANG_WARN_OBJC_LITERAL_CONVERSION = YES;
				CLANG_WARN_OBJC_ROOT_CLASS = YES_ERROR;
				CLANG_WARN_QUOTED_INCLUDE_IN_FRAMEWORK_HEADER = YES;
				CLANG_WARN_RANGE_LOOP_ANALYSIS = YES;
				CLANG_WARN_STRICT_PROTOTYPES = YES;
				CLANG_WARN_SUSPICIOUS_MOVE = YES;
				CLANG_WARN_UNGUARDED_AVAILABILITY = YES_AGGRESSIVE;
				CLANG_WARN_UNREACHABLE_CODE = YES;
				CLANG_WARN__DUPLICATE_METHOD_MATCH = YES;
				COPY_PHASE_STRIP = NO;
				DEBUG_INFORMATION_FORMAT = "dwarf-with-dsym";
				ENABLE_NS_ASSERTIONS = NO;
				ENABLE_STRICT_OBJC_MSGSEND = YES;
				GCC_C_LANGUAGE_STANDARD = gnu11;
				GCC_NO_COMMON_BLOCKS = YES;
				GCC_WARN_64_TO_32_BIT_CONVERSION = YES;
				GCC_WARN_ABOUT_RETURN_TYPE = YES_ERROR;
				GCC_WARN_UNDECLARED_SELECTOR = YES;
				GCC_WARN_UNINITIALIZED_AUTOS = YES_AGGRESSIVE;
				GCC_WARN_UNUSED_FUNCTION = YES;
				GCC_WARN_UNUSED_VARIABLE = YES;
				IPHONEOS_DEPLOYMENT_TARGET = 14.1;
				MTL_ENABLE_DEBUG_INFO = NO;
				MTL_FAST_MATH = YES;
				SDKROOT = iphoneos;
				SWIFT_COMPILATION_MODE = wholemodule;
				SWIFT_OPTIMIZATION_LEVEL = "-O";
				VALIDATE_PRODUCT = YES;
			};
			name = Release;
		};
		04A737792547E49900773F7E /* Debug */ = {
			isa = XCBuildConfiguration;
			baseConfigurationReference = 7C42F927AED7B70E81B620B6 /* Pods-Instagram + MVVM.debug.xcconfig */;
			buildSettings = {
				ASSETCATALOG_COMPILER_APPICON_NAME = AppIcon;
				ASSETCATALOG_COMPILER_GLOBAL_ACCENT_COLOR_NAME = AccentColor;
				CODE_SIGN_STYLE = Automatic;
				DEVELOPMENT_TEAM = 2F54VR68GM;
				INFOPLIST_FILE = "Instagram + MVVM/Info.plist";
				LD_RUNPATH_SEARCH_PATHS = (
					"$(inherited)",
					"@executable_path/Frameworks",
				);
				PRODUCT_BUNDLE_IDENTIFIER = "com.fomagran.Instagram---MVVM";
				PRODUCT_NAME = "$(TARGET_NAME)";
				SWIFT_VERSION = 5.0;
				TARGETED_DEVICE_FAMILY = "1,2";
			};
			name = Debug;
		};
		04A7377A2547E49900773F7E /* Release */ = {
			isa = XCBuildConfiguration;
			baseConfigurationReference = 4E680B36A251EE9603F914B0 /* Pods-Instagram + MVVM.release.xcconfig */;
			buildSettings = {
				ASSETCATALOG_COMPILER_APPICON_NAME = AppIcon;
				ASSETCATALOG_COMPILER_GLOBAL_ACCENT_COLOR_NAME = AccentColor;
				CODE_SIGN_STYLE = Automatic;
				DEVELOPMENT_TEAM = 2F54VR68GM;
				INFOPLIST_FILE = "Instagram + MVVM/Info.plist";
				LD_RUNPATH_SEARCH_PATHS = (
					"$(inherited)",
					"@executable_path/Frameworks",
				);
				PRODUCT_BUNDLE_IDENTIFIER = "com.fomagran.Instagram---MVVM";
				PRODUCT_NAME = "$(TARGET_NAME)";
				SWIFT_VERSION = 5.0;
				TARGETED_DEVICE_FAMILY = "1,2";
			};
			name = Release;
		};
/* End XCBuildConfiguration section */

/* Begin XCConfigurationList section */
		04A7375F2547E49800773F7E /* Build configuration list for PBXProject "Instagram + MVVM" */ = {
			isa = XCConfigurationList;
			buildConfigurations = (
				04A737762547E49900773F7E /* Debug */,
				04A737772547E49900773F7E /* Release */,
			);
			defaultConfigurationIsVisible = 0;
			defaultConfigurationName = Release;
		};
		04A737782547E49900773F7E /* Build configuration list for PBXNativeTarget "Instagram + MVVM" */ = {
			isa = XCConfigurationList;
			buildConfigurations = (
				04A737792547E49900773F7E /* Debug */,
				04A7377A2547E49900773F7E /* Release */,
			);
			defaultConfigurationIsVisible = 0;
			defaultConfigurationName = Release;
		};
/* End XCConfigurationList section */
	};
	rootObject = 04A7375C2547E49800773F7E /* Project object */;
}
